
Microsoft Visual Studio Solution File, Format Version 12.00
# Visual Studio 2013
VisualStudioVersion = 12.0.21005.1
MinimumVisualStudioVersion = 10.0.40219.1
Project("{FAE04EC0-301F-11D3-BF4B-00C04F79EFBC}") = "MVCApplication", "MVCApplication\MVCApplication.csproj", "{3F573FF7-3B6D-470D-A4B0-03A344EF6E53}"
EndProject
Project("{FAE04EC0-301F-11D3-BF4B-00C04F79EFBC}") = "MVCApplication.Tests", "MVCApplication.Tests\MVCApplication.Tests.csproj", "{6A95839D-7FB4-46F3-8650-6289B2A312A2}"
EndProject
Project("{FAE04EC0-301F-11D3-BF4B-00C04F79EFBC}") = "EmptyHTML", "EmptyHTML\EmptyHTML.csproj", "{410F1D80-39BE-4CF6-8F73-344993EA84C9}"
EndProject
Project("{FAE04EC0-301F-11D3-BF4B-00C04F79EFBC}") = "AngularJSExample", "AngularJSExample\AngularJSExample.csproj", "{72D29700-6A3B-4307-A5DE-A8BB83D393F7}"
EndProject
Project("{FAE04EC0-301F-11D3-BF4B-00C04F79EFBC}") = "WebAPI2Demo", "WebAPI2Demo\WebAPI2Demo.csproj", "{CC5AE214-142B-4ED5-B01E-6A0612057AA4}"
EndProject
Project("{FAE04EC0-301F-11D3-BF4B-00C04F79EFBC}") = "SignalrDemo", "SignalrDemo\SignalrDemo.csproj", "{119954CC-12D8-4EC4-9466-25FAC2A161E1}"
EndProject
Global
	GlobalSection(SolutionConfigurationPlatforms) = preSolution
		Debug|Any CPU = Debug|Any CPU
		Release|Any CPU = Release|Any CPU
	EndGlobalSection
	GlobalSection(ProjectConfigurationPlatforms) = postSolution
		{3F573FF7-3B6D-470D-A4B0-03A344EF6E53}.Debug|Any CPU.ActiveCfg = Debug|Any CPU
		{3F573FF7-3B6D-470D-A4B0-03A344EF6E53}.Debug|Any CPU.Build.0 = Debug|Any CPU
		{3F573FF7-3B6D-470D-A4B0-03A344EF6E53}.Release|Any CPU.ActiveCfg = Release|Any CPU
		{3F573FF7-3B6D-470D-A4B0-03A344EF6E53}.Release|Any CPU.Build.0 = Release|Any CPU
		{6A95839D-7FB4-46F3-8650-6289B2A312A2}.Debug|Any CPU.ActiveCfg = Debug|Any CPU
		{6A95839D-7FB4-46F3-8650-6289B2A312A2}.Debug|Any CPU.Build.0 = Debug|Any CPU
		{6A95839D-7FB4-46F3-8650-6289B2A312A2}.Release|Any CPU.ActiveCfg = Release|Any CPU
		{6A95839D-7FB4-46F3-8650-6289B2A312A2}.Release|Any CPU.Build.0 = Release|Any CPU
		{410F1D80-39BE-4CF6-8F73-344993EA84C9}.Debug|Any CPU.ActiveCfg = Debug|Any CPU
		{410F1D80-39BE-4CF6-8F73-344993EA84C9}.Debug|Any CPU.Build.0 = Debug|Any CPU
		{410F1D80-39BE-4CF6-8F73-344993EA84C9}.Release|Any CPU.ActiveCfg = Release|Any CPU
		{410F1D80-39BE-4CF6-8F73-344993EA84C9}.Release|Any CPU.Build.0 = Release|Any CPU
		{72D29700-6A3B-4307-A5DE-A8BB83D393F7}.Debug|Any CPU.ActiveCfg = Debug|Any CPU
		{72D29700-6A3B-4307-A5DE-A8BB83D393F7}.Debug|Any CPU.Build.0 = Debug|Any CPU
		{72D29700-6A3B-4307-A5DE-A8BB83D393F7}.Release|Any CPU.ActiveCfg = Release|Any CPU
		{72D29700-6A3B-4307-A5DE-A8BB83D393F7}.Release|Any CPU.Build.0 = Release|Any CPU
		{CC5AE214-142B-4ED5-B01E-6A0612057AA4}.Debug|Any CPU.ActiveCfg = Debug|Any CPU
		{CC5AE214-142B-4ED5-B01E-6A0612057AA4}.Debug|Any CPU.Build.0 = Debug|Any CPU
		{CC5AE214-142B-4ED5-B01E-6A0612057AA4}.Release|Any CPU.ActiveCfg = Release|Any CPU
		{CC5AE214-142B-4ED5-B01E-6A0612057AA4}.Release|Any CPU.Build.0 = Release|Any CPU
		{119954CC-12D8-4EC4-9466-25FAC2A161E1}.Debug|Any CPU.ActiveCfg = Debug|Any CPU
		{119954CC-12D8-4EC4-9466-25FAC2A161E1}.Debug|Any CPU.Build.0 = Debug|Any CPU
		{119954CC-12D8-4EC4-9466-25FAC2A161E1}.Release|Any CPU.ActiveCfg = Release|Any CPU
		{119954CC-12D8-4EC4-9466-25FAC2A161E1}.Release|Any CPU.Build.0 = Release|Any CPU
	EndGlobalSection
	GlobalSection(SolutionProperties) = preSolution
		HideSolutionNode = FALSE
	EndGlobalSection
EndGlobal
